
Microsoft Visual Studio Solution File, Format Version 12.00
# Visual Studio Version 17
VisualStudioVersion = 17.2.32630.192
MinimumVisualStudioVersion = 10.0.40219.1
Project("{FAE04EC0-301F-11D3-BF4B-00C04F79EFBC}") = "Aqola.ConsoleApp", "Aqola.ConsoleApp\Aqola.ConsoleApp.csproj", "{0D8369F9-C3CA-49FF-A9E5-C9A36FEF75E6}"
EndProject
Project("{FAE04EC0-301F-11D3-BF4B-00C04F79EFBC}") = "Aqola.Application", "Aqola.Application\Aqola.Application.csproj", "{3529072D-3FF6-440C-9596-0F995B424794}"
EndProject
Project("{FAE04EC0-301F-11D3-BF4B-00C04F79EFBC}") = "Aqola.Domain", "Aqola.Domain\Aqola.Domain.csproj", "{59F64F81-6E8B-481C-84A3-31E40B80519F}"
EndProject
Project("{FAE04EC0-301F-11D3-BF4B-00C04F79EFBC}") = "Aqola.Domain.Tests", "Aqola.Domain.Tests\Aqola.Domain.Tests.csproj", "{41784186-D178-48F5-8FF7-F649D685781C}"
EndProject
Project("{FAE04EC0-301F-11D3-BF4B-00C04F79EFBC}") = "Aqola.Application.Tests", "Aqola.Application.Tests\Aqola.Application.Tests.csproj", "{466919E3-7EEF-43DC-99FD-6AA651E48891}"
EndProject
Global
	GlobalSection(SolutionConfigurationPlatforms) = preSolution
		Debug|Any CPU = Debug|Any CPU
		Release|Any CPU = Release|Any CPU
	EndGlobalSection
	GlobalSection(ProjectConfigurationPlatforms) = postSolution
		{0D8369F9-C3CA-49FF-A9E5-C9A36FEF75E6}.Debug|Any CPU.ActiveCfg = Debug|Any CPU
		{0D8369F9-C3CA-49FF-A9E5-C9A36FEF75E6}.Debug|Any CPU.Build.0 = Debug|Any CPU
		{0D8369F9-C3CA-49FF-A9E5-C9A36FEF75E6}.Release|Any CPU.ActiveCfg = Release|Any CPU
		{0D8369F9-C3CA-49FF-A9E5-C9A36FEF75E6}.Release|Any CPU.Build.0 = Release|Any CPU
		{3529072D-3FF6-440C-9596-0F995B424794}.Debug|Any CPU.ActiveCfg = Debug|Any CPU
		{3529072D-3FF6-440C-9596-0F995B424794}.Debug|Any CPU.Build.0 = Debug|Any CPU
		{3529072D-3FF6-440C-9596-0F995B424794}.Release|Any CPU.ActiveCfg = Release|Any CPU
		{3529072D-3FF6-440C-9596-0F995B424794}.Release|Any CPU.Build.0 = Release|Any CPU
		{59F64F81-6E8B-481C-84A3-31E40B80519F}.Debug|Any CPU.ActiveCfg = Debug|Any CPU
		{59F64F81-6E8B-481C-84A3-31E40B80519F}.Debug|Any CPU.Build.0 = Debug|Any CPU
		{59F64F81-6E8B-481C-84A3-31E40B80519F}.Release|Any CPU.ActiveCfg = Release|Any CPU
		{59F64F81-6E8B-481C-84A3-31E40B80519F}.Release|Any CPU.Build.0 = Release|Any CPU
		{41784186-D178-48F5-8FF7-F649D685781C}.Debug|Any CPU.ActiveCfg = Debug|Any CPU
		{41784186-D178-48F5-8FF7-F649D685781C}.Debug|Any CPU.Build.0 = Debug|Any CPU
		{41784186-D178-48F5-8FF7-F649D685781C}.Release|Any CPU.ActiveCfg = Release|Any CPU
		{41784186-D178-48F5-8FF7-F649D685781C}.Release|Any CPU.Build.0 = Release|Any CPU
		{466919E3-7EEF-43DC-99FD-6AA651E48891}.Debug|Any CPU.ActiveCfg = Debug|Any CPU
		{466919E3-7EEF-43DC-99FD-6AA651E48891}.Debug|Any CPU.Build.0 = Debug|Any CPU
		{466919E3-7EEF-43DC-99FD-6AA651E48891}.Release|Any CPU.ActiveCfg = Release|Any CPU
		{466919E3-7EEF-43DC-99FD-6AA651E48891}.Release|Any CPU.Build.0 = Release|Any CPU
	EndGlobalSection
	GlobalSection(SolutionProperties) = preSolution
		HideSolutionNode = FALSE
	EndGlobalSection
	GlobalSection(ExtensibilityGlobals) = postSolution
		SolutionGuid = {018273D3-347D-4CE9-A9BD-01975429E6A0}
	EndGlobalSection
EndGlobal
